
Microsoft Visual Studio Solution File, Format Version 12.00
# Visual Studio 15
VisualStudioVersion = 15.0.28307.271
MinimumVisualStudioVersion = 10.0.40219.1
Project("{FAE04EC0-301F-11D3-BF4B-00C04F79EFBC}") = "Brute force password cracker", "Brute force password cracker\Brute force password cracker.csproj", "{2A604B78-4CDA-4CDE-9AE2-53D49A8C3012}"
EndProject
Global
	GlobalSection(SolutionConfigurationPlatforms) = preSolution
		Debug|Any CPU = Debug|Any CPU
		Release|Any CPU = Release|Any CPU
	EndGlobalSection
	GlobalSection(ProjectConfigurationPlatforms) = postSolution
		{2A604B78-4CDA-4CDE-9AE2-53D49A8C3012}.Debug|Any CPU.ActiveCfg = Debug|Any CPU
		{2A604B78-4CDA-4CDE-9AE2-53D49A8C3012}.Debug|Any CPU.Build.0 = Debug|Any CPU
		{2A604B78-4CDA-4CDE-9AE2-53D49A8C3012}.Release|Any CPU.ActiveCfg = Release|Any CPU
		{2A604B78-4CDA-4CDE-9AE2-53D49A8C3012}.Release|Any CPU.Build.0 = Release|Any CPU
	EndGlobalSection
	GlobalSection(SolutionProperties) = preSolution
		HideSolutionNode = FALSE
	EndGlobalSection
	GlobalSection(ExtensibilityGlobals) = postSolution
		SolutionGuid = {4FB19C0F-97A3-42B3-A6B5-59DC9E9BBD4A}
	EndGlobalSection
EndGlobal
